
Microsoft Visual Studio Solution File, Format Version 12.00
# Visual Studio Version 17
VisualStudioVersion = 17.0.31903.59
MinimumVisualStudioVersion = 10.0.40219.1
Project("{9A19103F-16F7-4668-BE54-9A1E7A4F7556}") = "BethanysPieShopHRM.App", "BethanysPieShopHRM.App\BethanysPieShopHRM.App.csproj", "{35ADE40D-B68D-4FD0-BA7B-735CE68713C9}"
EndProject
Project("{9A19103F-16F7-4668-BE54-9A1E7A4F7556}") = "BethanysPieShopHRM.Shared", "BethanysPieShopHRM.Shared\BethanysPieShopHRM.Shared.csproj", "{64693EF0-3BED-4E21-B619-ABC585630B85}"
EndProject
Project("{9A19103F-16F7-4668-BE54-9A1E7A4F7556}") = "BethanysPieShopHRM.Api", "BethanysPieShopHRM.Api\BethanysPieShopHRM.Api.csproj", "{6A586313-E17A-402A-825C-0620380B5B2C}"
EndProject
Project("{9A19103F-16F7-4668-BE54-9A1E7A4F7556}") = "BethanysPieShopHRM.ComponentsLibrary", "BethanysPieShopHRM.ComponentsLibrary\BethanysPieShopHRM.ComponentsLibrary.csproj", "{063EC3D9-0747-45DB-9EDF-284108AFB912}"
EndProject
Project("{9A19103F-16F7-4668-BE54-9A1E7A4F7556}") = "BethanysPieShopHRM.Client", "BethanysPieShopHRM.Client\BethanysPieShopHRM.Client.csproj", "{CC361993-48E9-4BF3-9AEF-CB3088122D2C}"
EndProject
Project("{FAE04EC0-301F-11D3-BF4B-00C04F79EFBC}") = "BethanysPieShopHRM.Server", "BethanysPieShopHRM.Server\BethanysPieShopHRM.Server.csproj", "{87107630-E072-4BB4-8E56-5D7BF7D1F664}"
EndProject
Global
	GlobalSection(SolutionConfigurationPlatforms) = preSolution
		Debug|Any CPU = Debug|Any CPU
		Release|Any CPU = Release|Any CPU
	EndGlobalSection
	GlobalSection(ProjectConfigurationPlatforms) = postSolution
		{35ADE40D-B68D-4FD0-BA7B-735CE68713C9}.Debug|Any CPU.ActiveCfg = Debug|Any CPU
		{35ADE40D-B68D-4FD0-BA7B-735CE68713C9}.Debug|Any CPU.Build.0 = Debug|Any CPU
		{35ADE40D-B68D-4FD0-BA7B-735CE68713C9}.Release|Any CPU.ActiveCfg = Release|Any CPU
		{35ADE40D-B68D-4FD0-BA7B-735CE68713C9}.Release|Any CPU.Build.0 = Release|Any CPU
		{64693EF0-3BED-4E21-B619-ABC585630B85}.Debug|Any CPU.ActiveCfg = Debug|Any CPU
		{64693EF0-3BED-4E21-B619-ABC585630B85}.Debug|Any CPU.Build.0 = Debug|Any CPU
		{64693EF0-3BED-4E21-B619-ABC585630B85}.Release|Any CPU.ActiveCfg = Release|Any CPU
		{64693EF0-3BED-4E21-B619-ABC585630B85}.Release|Any CPU.Build.0 = Release|Any CPU
		{6A586313-E17A-402A-825C-0620380B5B2C}.Debug|Any CPU.ActiveCfg = Debug|Any CPU
		{6A586313-E17A-402A-825C-0620380B5B2C}.Debug|Any CPU.Build.0 = Debug|Any CPU
		{6A586313-E17A-402A-825C-0620380B5B2C}.Release|Any CPU.ActiveCfg = Release|Any CPU
		{6A586313-E17A-402A-825C-0620380B5B2C}.Release|Any CPU.Build.0 = Release|Any CPU
		{063EC3D9-0747-45DB-9EDF-284108AFB912}.Debug|Any CPU.ActiveCfg = Debug|Any CPU
		{063EC3D9-0747-45DB-9EDF-284108AFB912}.Debug|Any CPU.Build.0 = Debug|Any CPU
		{063EC3D9-0747-45DB-9EDF-284108AFB912}.Release|Any CPU.ActiveCfg = Release|Any CPU
		{063EC3D9-0747-45DB-9EDF-284108AFB912}.Release|Any CPU.Build.0 = Release|Any CPU
		{CC361993-48E9-4BF3-9AEF-CB3088122D2C}.Debug|Any CPU.ActiveCfg = Debug|Any CPU
		{CC361993-48E9-4BF3-9AEF-CB3088122D2C}.Debug|Any CPU.Build.0 = Debug|Any CPU
		{CC361993-48E9-4BF3-9AEF-CB3088122D2C}.Release|Any CPU.ActiveCfg = Release|Any CPU
		{CC361993-48E9-4BF3-9AEF-CB3088122D2C}.Release|Any CPU.Build.0 = Release|Any CPU
		{87107630-E072-4BB4-8E56-5D7BF7D1F664}.Debug|Any CPU.ActiveCfg = Debug|Any CPU
		{87107630-E072-4BB4-8E56-5D7BF7D1F664}.Debug|Any CPU.Build.0 = Debug|Any CPU
		{87107630-E072-4BB4-8E56-5D7BF7D1F664}.Release|Any CPU.ActiveCfg = Release|Any CPU
		{87107630-E072-4BB4-8E56-5D7BF7D1F664}.Release|Any CPU.Build.0 = Release|Any CPU
	EndGlobalSection
	GlobalSection(SolutionProperties) = preSolution
		HideSolutionNode = FALSE
	EndGlobalSection
	GlobalSection(ExtensibilityGlobals) = postSolution
		SolutionGuid = {F71C9EAD-C6D7-411D-A951-7F594E381DEE}
	EndGlobalSection
EndGlobal
